
Microsoft Visual Studio Solution File, Format Version 12.00
# Visual Studio Version 17
VisualStudioVersion = 17.8.34004.107
MinimumVisualStudioVersion = 10.0.40219.1
Project("{9A19103F-16F7-4668-BE54-9A1E7A4F7556}") = "WebApp", "WebApp.csproj", "{64244389-677F-4F2B-9535-96F6DA9FDCEB}"
EndProject
Global
	GlobalSection(SolutionConfigurationPlatforms) = preSolution
		Debug|Any CPU = Debug|Any CPU
		Release|Any CPU = Release|Any CPU
	EndGlobalSection
	GlobalSection(ProjectConfigurationPlatforms) = postSolution
		{64244389-677F-4F2B-9535-96F6DA9FDCEB}.Debug|Any CPU.ActiveCfg = Debug|Any CPU
		{64244389-677F-4F2B-9535-96F6DA9FDCEB}.Debug|Any CPU.Build.0 = Debug|Any CPU
		{64244389-677F-4F2B-9535-96F6DA9FDCEB}.Release|Any CPU.ActiveCfg = Release|Any CPU
		{64244389-677F-4F2B-9535-96F6DA9FDCEB}.Release|Any CPU.Build.0 = Release|Any CPU
	EndGlobalSection
	GlobalSection(SolutionProperties) = preSolution
		HideSolutionNode = FALSE
	EndGlobalSection
	GlobalSection(ExtensibilityGlobals) = postSolution
		SolutionGuid = {5992DD9E-479F-4A37-8609-37E741FFF605}
	EndGlobalSection
EndGlobal
